
Microsoft Visual Studio Solution File, Format Version 12.00
# Visual Studio Version 16
VisualStudioVersion = 16.0.30114.105
MinimumVisualStudioVersion = 10.0.40219.1
Project("{FAE04EC0-301F-11D3-BF4B-00C04F79EFBC}") = "Penguin.Cms.Pages.Repositories.Local", "Penguin.Cms.Pages.Repositories.Local.csproj", "{C48DC341-190E-4C97-8E98-56CC69FADB6B}"
EndProject
Project("{FAE04EC0-301F-11D3-BF4B-00C04F79EFBC}") = "Penguin.Cms.Pages.Local", "..\Penguin.Cms.Pages\Penguin.Cms.Pages.Local.csproj", "{1C0328B6-74D4-4B53-96F2-4D3C5F3CD65F}"
EndProject
Project("{FAE04EC0-301F-11D3-BF4B-00C04F79EFBC}") = "Penguin.Templating.Abstractions.Local", "..\Penguin.Templating.Abstractions\Penguin.Templating.Abstractions.Local.csproj", "{1E2ABA67-BB4D-4F7E-AC4D-A5A8C7059BB1}"
EndProject
Project("{FAE04EC0-301F-11D3-BF4B-00C04F79EFBC}") = "Penguin.Cms.Entities.Local", "..\Penguin.Cms.Entities\Penguin.Cms.Entities.Local.csproj", "{89396919-329D-4554-889D-CE9400B4F13D}"
EndProject
Project("{FAE04EC0-301F-11D3-BF4B-00C04F79EFBC}") = "Penguin.Persistence.Abstractions.Local", "..\Penguin.Persistence.Abstractions\Penguin.Persistence.Abstractions.Local.csproj", "{A36A4262-0C4C-4F5A-943B-8E4C733B33A3}"
EndProject
Project("{FAE04EC0-301F-11D3-BF4B-00C04F79EFBC}") = "Penguin.Entities.Abstractions.Local", "..\Penguin.Entities.Abstractions\Penguin.Entities.Abstractions.Local.csproj", "{674E299D-E3DC-4FB0-9B5C-FBB12AF8340D}"
EndProject
Project("{FAE04EC0-301F-11D3-BF4B-00C04F79EFBC}") = "Penguin.Reflection.Extensions.Local", "..\Penguin.Reflection.Extensions\Penguin.Reflection.Extensions.Local.csproj", "{4BF7C0E2-7391-43EF-B914-C0A3934727B6}"
EndProject
Project("{FAE04EC0-301F-11D3-BF4B-00C04F79EFBC}") = "Penguin.Reflection.Abstractions.Local", "..\Penguin.Reflection.Abstractions\Penguin.Reflection.Abstractions.Local.csproj", "{37172FCD-F3F5-478E-A09B-60F0E4D441E7}"
EndProject
Project("{FAE04EC0-301F-11D3-BF4B-00C04F79EFBC}") = "Penguin.Extensions.String.Local", "..\Penguin.Extensions.String\Penguin.Extensions.String.Local.csproj", "{1962B4B6-342B-4F41-8410-753291C6FEBC}"
EndProject
Project("{FAE04EC0-301F-11D3-BF4B-00C04F79EFBC}") = "Penguin.Cms.Repositories.Local", "..\Penguin.Cms.Repositories\Penguin.Cms.Repositories.Local.csproj", "{328F2544-C610-44C5-BBF8-F0FAF1D699BE}"
EndProject
Project("{FAE04EC0-301F-11D3-BF4B-00C04F79EFBC}") = "Penguin.Persistence.Repositories.Local", "..\Penguin.Persistence.Repositories\Penguin.Persistence.Repositories.Local.csproj", "{5519B58C-F86A-4AF1-BA25-7C7F435E5FF1}"
EndProject
Project("{FAE04EC0-301F-11D3-BF4B-00C04F79EFBC}") = "Penguin.DependencyInjection.Abstractions.Local", "..\Penguin.DependencyInjection.Abstractions\Penguin.DependencyInjection.Abstractions.Local.csproj", "{6D7046BA-B85D-4488-831E-799831382C5A}"
EndProject
Project("{FAE04EC0-301F-11D3-BF4B-00C04F79EFBC}") = "Penguin.Messaging.Persistence.Local", "..\Penguin.Messaging.Persistence\Penguin.Messaging.Persistence.Local.csproj", "{C8AB6DE7-F0E5-4358-9563-C8622A98C1C1}"
EndProject
Project("{FAE04EC0-301F-11D3-BF4B-00C04F79EFBC}") = "Penguin.Messaging.Abstractions.Local", "..\Penguin.Messaging.Abstractions\Penguin.Messaging.Abstractions.Local.csproj", "{A7A40171-A649-421E-84B3-9B7064C398D5}"
EndProject
Project("{FAE04EC0-301F-11D3-BF4B-00C04F79EFBC}") = "Penguin.Messaging.Core.Local", "..\Penguin.Messaging.Core\Penguin.Messaging.Core.Local.csproj", "{882CAAB1-942B-4CDC-B0C3-894C2EF853D1}"
EndProject
Project("{FAE04EC0-301F-11D3-BF4B-00C04F79EFBC}") = "Penguin.Debugging.Local", "..\Penguin.Debugging\Penguin.Debugging.Local.csproj", "{083F7D5A-2DEB-4EAF-8EAF-36E9E19AFCCC}"
EndProject
Project("{FAE04EC0-301F-11D3-BF4B-00C04F79EFBC}") = "Penguin.Extensions.Exceptions.Local", "..\Penguin.Extensions.Exceptions\Penguin.Extensions.Exceptions.Local.csproj", "{A606EA52-73CB-4E77-A0A2-69D1980876BB}"
EndProject
Project("{FAE04EC0-301F-11D3-BF4B-00C04F79EFBC}") = "Penguin.Reflection.Local", "..\Penguin.Reflection\Penguin.Reflection.Local.csproj", "{CC15F4E4-4F7E-498B-A41B-BA80E7DAF95D}"
EndProject
Global
	GlobalSection(SolutionConfigurationPlatforms) = preSolution
		Debug|Any CPU = Debug|Any CPU
		Debug|x64 = Debug|x64
		Debug|x86 = Debug|x86
		Release|Any CPU = Release|Any CPU
		Release|x64 = Release|x64
		Release|x86 = Release|x86
	EndGlobalSection
	GlobalSection(SolutionProperties) = preSolution
		HideSolutionNode = FALSE
	EndGlobalSection
	GlobalSection(ProjectConfigurationPlatforms) = postSolution
		{C48DC341-190E-4C97-8E98-56CC69FADB6B}.Debug|Any CPU.ActiveCfg = Debug|Any CPU
		{C48DC341-190E-4C97-8E98-56CC69FADB6B}.Debug|Any CPU.Build.0 = Debug|Any CPU
		{C48DC341-190E-4C97-8E98-56CC69FADB6B}.Debug|x64.ActiveCfg = Debug|Any CPU
		{C48DC341-190E-4C97-8E98-56CC69FADB6B}.Debug|x64.Build.0 = Debug|Any CPU
		{C48DC341-190E-4C97-8E98-56CC69FADB6B}.Debug|x86.ActiveCfg = Debug|Any CPU
		{C48DC341-190E-4C97-8E98-56CC69FADB6B}.Debug|x86.Build.0 = Debug|Any CPU
		{C48DC341-190E-4C97-8E98-56CC69FADB6B}.Release|Any CPU.ActiveCfg = Release|Any CPU
		{C48DC341-190E-4C97-8E98-56CC69FADB6B}.Release|Any CPU.Build.0 = Release|Any CPU
		{C48DC341-190E-4C97-8E98-56CC69FADB6B}.Release|x64.ActiveCfg = Release|Any CPU
		{C48DC341-190E-4C97-8E98-56CC69FADB6B}.Release|x64.Build.0 = Release|Any CPU
		{C48DC341-190E-4C97-8E98-56CC69FADB6B}.Release|x86.ActiveCfg = Release|Any CPU
		{C48DC341-190E-4C97-8E98-56CC69FADB6B}.Release|x86.Build.0 = Release|Any CPU
		{1C0328B6-74D4-4B53-96F2-4D3C5F3CD65F}.Debug|Any CPU.ActiveCfg = Debug|Any CPU
		{1C0328B6-74D4-4B53-96F2-4D3C5F3CD65F}.Debug|Any CPU.Build.0 = Debug|Any CPU
		{1C0328B6-74D4-4B53-96F2-4D3C5F3CD65F}.Debug|x64.ActiveCfg = Debug|Any CPU
		{1C0328B6-74D4-4B53-96F2-4D3C5F3CD65F}.Debug|x64.Build.0 = Debug|Any CPU
		{1C0328B6-74D4-4B53-96F2-4D3C5F3CD65F}.Debug|x86.ActiveCfg = Debug|Any CPU
		{1C0328B6-74D4-4B53-96F2-4D3C5F3CD65F}.Debug|x86.Build.0 = Debug|Any CPU
		{1C0328B6-74D4-4B53-96F2-4D3C5F3CD65F}.Release|Any CPU.ActiveCfg = Release|Any CPU
		{1C0328B6-74D4-4B53-96F2-4D3C5F3CD65F}.Release|Any CPU.Build.0 = Release|Any CPU
		{1C0328B6-74D4-4B53-96F2-4D3C5F3CD65F}.Release|x64.ActiveCfg = Release|Any CPU
		{1C0328B6-74D4-4B53-96F2-4D3C5F3CD65F}.Release|x64.Build.0 = Release|Any CPU
		{1C0328B6-74D4-4B53-96F2-4D3C5F3CD65F}.Release|x86.ActiveCfg = Release|Any CPU
		{1C0328B6-74D4-4B53-96F2-4D3C5F3CD65F}.Release|x86.Build.0 = Release|Any CPU
		{1E2ABA67-BB4D-4F7E-AC4D-A5A8C7059BB1}.Debug|Any CPU.ActiveCfg = Debug|Any CPU
		{1E2ABA67-BB4D-4F7E-AC4D-A5A8C7059BB1}.Debug|Any CPU.Build.0 = Debug|Any CPU
		{1E2ABA67-BB4D-4F7E-AC4D-A5A8C7059BB1}.Debug|x64.ActiveCfg = Debug|Any CPU
		{1E2ABA67-BB4D-4F7E-AC4D-A5A8C7059BB1}.Debug|x64.Build.0 = Debug|Any CPU
		{1E2ABA67-BB4D-4F7E-AC4D-A5A8C7059BB1}.Debug|x86.ActiveCfg = Debug|Any CPU
		{1E2ABA67-BB4D-4F7E-AC4D-A5A8C7059BB1}.Debug|x86.Build.0 = Debug|Any CPU
		{1E2ABA67-BB4D-4F7E-AC4D-A5A8C7059BB1}.Release|Any CPU.ActiveCfg = Release|Any CPU
		{1E2ABA67-BB4D-4F7E-AC4D-A5A8C7059BB1}.Release|Any CPU.Build.0 = Release|Any CPU
		{1E2ABA67-BB4D-4F7E-AC4D-A5A8C7059BB1}.Release|x64.ActiveCfg = Release|Any CPU
		{1E2ABA67-BB4D-4F7E-AC4D-A5A8C7059BB1}.Release|x64.Build.0 = Release|Any CPU
		{1E2ABA67-BB4D-4F7E-AC4D-A5A8C7059BB1}.Release|x86.ActiveCfg = Release|Any CPU
		{1E2ABA67-BB4D-4F7E-AC4D-A5A8C7059BB1}.Release|x86.Build.0 = Release|Any CPU
		{89396919-329D-4554-889D-CE9400B4F13D}.Debug|Any CPU.ActiveCfg = Debug|Any CPU
		{89396919-329D-4554-889D-CE9400B4F13D}.Debug|Any CPU.Build.0 = Debug|Any CPU
		{89396919-329D-4554-889D-CE9400B4F13D}.Debug|x64.ActiveCfg = Debug|Any CPU
		{89396919-329D-4554-889D-CE9400B4F13D}.Debug|x64.Build.0 = Debug|Any CPU
		{89396919-329D-4554-889D-CE9400B4F13D}.Debug|x86.ActiveCfg = Debug|Any CPU
		{89396919-329D-4554-889D-CE9400B4F13D}.Debug|x86.Build.0 = Debug|Any CPU
		{89396919-329D-4554-889D-CE9400B4F13D}.Release|Any CPU.ActiveCfg = Release|Any CPU
		{89396919-329D-4554-889D-CE9400B4F13D}.Release|Any CPU.Build.0 = Release|Any CPU
		{89396919-329D-4554-889D-CE9400B4F13D}.Release|x64.ActiveCfg = Release|Any CPU
		{89396919-329D-4554-889D-CE9400B4F13D}.Release|x64.Build.0 = Release|Any CPU
		{89396919-329D-4554-889D-CE9400B4F13D}.Release|x86.ActiveCfg = Release|Any CPU
		{89396919-329D-4554-889D-CE9400B4F13D}.Release|x86.Build.0 = Release|Any CPU
		{A36A4262-0C4C-4F5A-943B-8E4C733B33A3}.Debug|Any CPU.ActiveCfg = Debug|Any CPU
		{A36A4262-0C4C-4F5A-943B-8E4C733B33A3}.Debug|Any CPU.Build.0 = Debug|Any CPU
		{A36A4262-0C4C-4F5A-943B-8E4C733B33A3}.Debug|x64.ActiveCfg = Debug|Any CPU
		{A36A4262-0C4C-4F5A-943B-8E4C733B33A3}.Debug|x64.Build.0 = Debug|Any CPU
		{A36A4262-0C4C-4F5A-943B-8E4C733B33A3}.Debug|x86.ActiveCfg = Debug|Any CPU
		{A36A4262-0C4C-4F5A-943B-8E4C733B33A3}.Debug|x86.Build.0 = Debug|Any CPU
		{A36A4262-0C4C-4F5A-943B-8E4C733B33A3}.Release|Any CPU.ActiveCfg = Release|Any CPU
		{A36A4262-0C4C-4F5A-943B-8E4C733B33A3}.Release|Any CPU.Build.0 = Release|Any CPU
		{A36A4262-0C4C-4F5A-943B-8E4C733B33A3}.Release|x64.ActiveCfg = Release|Any CPU
		{A36A4262-0C4C-4F5A-943B-8E4C733B33A3}.Release|x64.Build.0 = Release|Any CPU
		{A36A4262-0C4C-4F5A-943B-8E4C733B33A3}.Release|x86.ActiveCfg = Release|Any CPU
		{A36A4262-0C4C-4F5A-943B-8E4C733B33A3}.Release|x86.Build.0 = Release|Any CPU
		{674E299D-E3DC-4FB0-9B5C-FBB12AF8340D}.Debug|Any CPU.ActiveCfg = Debug|Any CPU
		{674E299D-E3DC-4FB0-9B5C-FBB12AF8340D}.Debug|Any CPU.Build.0 = Debug|Any CPU
		{674E299D-E3DC-4FB0-9B5C-FBB12AF8340D}.Debug|x64.ActiveCfg = Debug|Any CPU
		{674E299D-E3DC-4FB0-9B5C-FBB12AF8340D}.Debug|x64.Build.0 = Debug|Any CPU
		{674E299D-E3DC-4FB0-9B5C-FBB12AF8340D}.Debug|x86.ActiveCfg = Debug|Any CPU
		{674E299D-E3DC-4FB0-9B5C-FBB12AF8340D}.Debug|x86.Build.0 = Debug|Any CPU
		{674E299D-E3DC-4FB0-9B5C-FBB12AF8340D}.Release|Any CPU.ActiveCfg = Release|Any CPU
		{674E299D-E3DC-4FB0-9B5C-FBB12AF8340D}.Release|Any CPU.Build.0 = Release|Any CPU
		{674E299D-E3DC-4FB0-9B5C-FBB12AF8340D}.Release|x64.ActiveCfg = Release|Any CPU
		{674E299D-E3DC-4FB0-9B5C-FBB12AF8340D}.Release|x64.Build.0 = Release|Any CPU
		{674E299D-E3DC-4FB0-9B5C-FBB12AF8340D}.Release|x86.ActiveCfg = Release|Any CPU
		{674E299D-E3DC-4FB0-9B5C-FBB12AF8340D}.Release|x86.Build.0 = Release|Any CPU
		{4BF7C0E2-7391-43EF-B914-C0A3934727B6}.Debug|Any CPU.ActiveCfg = Debug|Any CPU
		{4BF7C0E2-7391-43EF-B914-C0A3934727B6}.Debug|Any CPU.Build.0 = Debug|Any CPU
		{4BF7C0E2-7391-43EF-B914-C0A3934727B6}.Debug|x64.ActiveCfg = Debug|Any CPU
		{4BF7C0E2-7391-43EF-B914-C0A3934727B6}.Debug|x64.Build.0 = Debug|Any CPU
		{4BF7C0E2-7391-43EF-B914-C0A3934727B6}.Debug|x86.ActiveCfg = Debug|Any CPU
		{4BF7C0E2-7391-43EF-B914-C0A3934727B6}.Debug|x86.Build.0 = Debug|Any CPU
		{4BF7C0E2-7391-43EF-B914-C0A3934727B6}.Release|Any CPU.ActiveCfg = Release|Any CPU
		{4BF7C0E2-7391-43EF-B914-C0A3934727B6}.Release|Any CPU.Build.0 = Release|Any CPU
		{4BF7C0E2-7391-43EF-B914-C0A3934727B6}.Release|x64.ActiveCfg = Release|Any CPU
		{4BF7C0E2-7391-43EF-B914-C0A3934727B6}.Release|x64.Build.0 = Release|Any CPU
		{4BF7C0E2-7391-43EF-B914-C0A3934727B6}.Release|x86.ActiveCfg = Release|Any CPU
		{4BF7C0E2-7391-43EF-B914-C0A3934727B6}.Release|x86.Build.0 = Release|Any CPU
		{37172FCD-F3F5-478E-A09B-60F0E4D441E7}.Debug|Any CPU.ActiveCfg = Debug|Any CPU
		{37172FCD-F3F5-478E-A09B-60F0E4D441E7}.Debug|Any CPU.Build.0 = Debug|Any CPU
		{37172FCD-F3F5-478E-A09B-60F0E4D441E7}.Debug|x64.ActiveCfg = Debug|Any CPU
		{37172FCD-F3F5-478E-A09B-60F0E4D441E7}.Debug|x64.Build.0 = Debug|Any CPU
		{37172FCD-F3F5-478E-A09B-60F0E4D441E7}.Debug|x86.ActiveCfg = Debug|Any CPU
		{37172FCD-F3F5-478E-A09B-60F0E4D441E7}.Debug|x86.Build.0 = Debug|Any CPU
		{37172FCD-F3F5-478E-A09B-60F0E4D441E7}.Release|Any CPU.ActiveCfg = Release|Any CPU
		{37172FCD-F3F5-478E-A09B-60F0E4D441E7}.Release|Any CPU.Build.0 = Release|Any CPU
		{37172FCD-F3F5-478E-A09B-60F0E4D441E7}.Release|x64.ActiveCfg = Release|Any CPU
		{37172FCD-F3F5-478E-A09B-60F0E4D441E7}.Release|x64.Build.0 = Release|Any CPU
		{37172FCD-F3F5-478E-A09B-60F0E4D441E7}.Release|x86.ActiveCfg = Release|Any CPU
		{37172FCD-F3F5-478E-A09B-60F0E4D441E7}.Release|x86.Build.0 = Release|Any CPU
		{1962B4B6-342B-4F41-8410-753291C6FEBC}.Debug|Any CPU.ActiveCfg = Debug|Any CPU
		{1962B4B6-342B-4F41-8410-753291C6FEBC}.Debug|Any CPU.Build.0 = Debug|Any CPU
		{1962B4B6-342B-4F41-8410-753291C6FEBC}.Debug|x64.ActiveCfg = Debug|Any CPU
		{1962B4B6-342B-4F41-8410-753291C6FEBC}.Debug|x64.Build.0 = Debug|Any CPU
		{1962B4B6-342B-4F41-8410-753291C6FEBC}.Debug|x86.ActiveCfg = Debug|Any CPU
		{1962B4B6-342B-4F41-8410-753291C6FEBC}.Debug|x86.Build.0 = Debug|Any CPU
		{1962B4B6-342B-4F41-8410-753291C6FEBC}.Release|Any CPU.ActiveCfg = Release|Any CPU
		{1962B4B6-342B-4F41-8410-753291C6FEBC}.Release|Any CPU.Build.0 = Release|Any CPU
		{1962B4B6-342B-4F41-8410-753291C6FEBC}.Release|x64.ActiveCfg = Release|Any CPU
		{1962B4B6-342B-4F41-8410-753291C6FEBC}.Release|x64.Build.0 = Release|Any CPU
		{1962B4B6-342B-4F41-8410-753291C6FEBC}.Release|x86.ActiveCfg = Release|Any CPU
		{1962B4B6-342B-4F41-8410-753291C6FEBC}.Release|x86.Build.0 = Release|Any CPU
		{328F2544-C610-44C5-BBF8-F0FAF1D699BE}.Debug|Any CPU.ActiveCfg = Debug|Any CPU
		{328F2544-C610-44C5-BBF8-F0FAF1D699BE}.Debug|Any CPU.Build.0 = Debug|Any CPU
		{328F2544-C610-44C5-BBF8-F0FAF1D699BE}.Debug|x64.ActiveCfg = Debug|Any CPU
		{328F2544-C610-44C5-BBF8-F0FAF1D699BE}.Debug|x64.Build.0 = Debug|Any CPU
		{328F2544-C610-44C5-BBF8-F0FAF1D699BE}.Debug|x86.ActiveCfg = Debug|Any CPU
		{328F2544-C610-44C5-BBF8-F0FAF1D699BE}.Debug|x86.Build.0 = Debug|Any CPU
		{328F2544-C610-44C5-BBF8-F0FAF1D699BE}.Release|Any CPU.ActiveCfg = Release|Any CPU
		{328F2544-C610-44C5-BBF8-F0FAF1D699BE}.Release|Any CPU.Build.0 = Release|Any CPU
		{328F2544-C610-44C5-BBF8-F0FAF1D699BE}.Release|x64.ActiveCfg = Release|Any CPU
		{328F2544-C610-44C5-BBF8-F0FAF1D699BE}.Release|x64.Build.0 = Release|Any CPU
		{328F2544-C610-44C5-BBF8-F0FAF1D699BE}.Release|x86.ActiveCfg = Release|Any CPU
		{328F2544-C610-44C5-BBF8-F0FAF1D699BE}.Release|x86.Build.0 = Release|Any CPU
		{5519B58C-F86A-4AF1-BA25-7C7F435E5FF1}.Debug|Any CPU.ActiveCfg = Debug|Any CPU
		{5519B58C-F86A-4AF1-BA25-7C7F435E5FF1}.Debug|Any CPU.Build.0 = Debug|Any CPU
		{5519B58C-F86A-4AF1-BA25-7C7F435E5FF1}.Debug|x64.ActiveCfg = Debug|Any CPU
		{5519B58C-F86A-4AF1-BA25-7C7F435E5FF1}.Debug|x64.Build.0 = Debug|Any CPU
		{5519B58C-F86A-4AF1-BA25-7C7F435E5FF1}.Debug|x86.ActiveCfg = Debug|Any CPU
		{5519B58C-F86A-4AF1-BA25-7C7F435E5FF1}.Debug|x86.Build.0 = Debug|Any CPU
		{5519B58C-F86A-4AF1-BA25-7C7F435E5FF1}.Release|Any CPU.ActiveCfg = Release|Any CPU
		{5519B58C-F86A-4AF1-BA25-7C7F435E5FF1}.Release|Any CPU.Build.0 = Release|Any CPU
		{5519B58C-F86A-4AF1-BA25-7C7F435E5FF1}.Release|x64.ActiveCfg = Release|Any CPU
		{5519B58C-F86A-4AF1-BA25-7C7F435E5FF1}.Release|x64.Build.0 = Release|Any CPU
		{5519B58C-F86A-4AF1-BA25-7C7F435E5FF1}.Release|x86.ActiveCfg = Release|Any CPU
		{5519B58C-F86A-4AF1-BA25-7C7F435E5FF1}.Release|x86.Build.0 = Release|Any CPU
		{6D7046BA-B85D-4488-831E-799831382C5A}.Debug|Any CPU.ActiveCfg = Debug|Any CPU
		{6D7046BA-B85D-4488-831E-799831382C5A}.Debug|Any CPU.Build.0 = Debug|Any CPU
		{6D7046BA-B85D-4488-831E-799831382C5A}.Debug|x64.ActiveCfg = Debug|Any CPU
		{6D7046BA-B85D-4488-831E-799831382C5A}.Debug|x64.Build.0 = Debug|Any CPU
		{6D7046BA-B85D-4488-831E-799831382C5A}.Debug|x86.ActiveCfg = Debug|Any CPU
		{6D7046BA-B85D-4488-831E-799831382C5A}.Debug|x86.Build.0 = Debug|Any CPU
		{6D7046BA-B85D-4488-831E-799831382C5A}.Release|Any CPU.ActiveCfg = Release|Any CPU
		{6D7046BA-B85D-4488-831E-799831382C5A}.Release|Any CPU.Build.0 = Release|Any CPU
		{6D7046BA-B85D-4488-831E-799831382C5A}.Release|x64.ActiveCfg = Release|Any CPU
		{6D7046BA-B85D-4488-831E-799831382C5A}.Release|x64.Build.0 = Release|Any CPU
		{6D7046BA-B85D-4488-831E-799831382C5A}.Release|x86.ActiveCfg = Release|Any CPU
		{6D7046BA-B85D-4488-831E-799831382C5A}.Release|x86.Build.0 = Release|Any CPU
		{C8AB6DE7-F0E5-4358-9563-C8622A98C1C1}.Debug|Any CPU.ActiveCfg = Debug|Any CPU
		{C8AB6DE7-F0E5-4358-9563-C8622A98C1C1}.Debug|Any CPU.Build.0 = Debug|Any CPU
		{C8AB6DE7-F0E5-4358-9563-C8622A98C1C1}.Debug|x64.ActiveCfg = Debug|Any CPU
		{C8AB6DE7-F0E5-4358-9563-C8622A98C1C1}.Debug|x64.Build.0 = Debug|Any CPU
		{C8AB6DE7-F0E5-4358-9563-C8622A98C1C1}.Debug|x86.ActiveCfg = Debug|Any CPU
		{C8AB6DE7-F0E5-4358-9563-C8622A98C1C1}.Debug|x86.Build.0 = Debug|Any CPU
		{C8AB6DE7-F0E5-4358-9563-C8622A98C1C1}.Release|Any CPU.ActiveCfg = Release|Any CPU
		{C8AB6DE7-F0E5-4358-9563-C8622A98C1C1}.Release|Any CPU.Build.0 = Release|Any CPU
		{C8AB6DE7-F0E5-4358-9563-C8622A98C1C1}.Release|x64.ActiveCfg = Release|Any CPU
		{C8AB6DE7-F0E5-4358-9563-C8622A98C1C1}.Release|x64.Build.0 = Release|Any CPU
		{C8AB6DE7-F0E5-4358-9563-C8622A98C1C1}.Release|x86.ActiveCfg = Release|Any CPU
		{C8AB6DE7-F0E5-4358-9563-C8622A98C1C1}.Release|x86.Build.0 = Release|Any CPU
		{A7A40171-A649-421E-84B3-9B7064C398D5}.Debug|Any CPU.ActiveCfg = Debug|Any CPU
		{A7A40171-A649-421E-84B3-9B7064C398D5}.Debug|Any CPU.Build.0 = Debug|Any CPU
		{A7A40171-A649-421E-84B3-9B7064C398D5}.Debug|x64.ActiveCfg = Debug|Any CPU
		{A7A40171-A649-421E-84B3-9B7064C398D5}.Debug|x64.Build.0 = Debug|Any CPU
		{A7A40171-A649-421E-84B3-9B7064C398D5}.Debug|x86.ActiveCfg = Debug|Any CPU
		{A7A40171-A649-421E-84B3-9B7064C398D5}.Debug|x86.Build.0 = Debug|Any CPU
		{A7A40171-A649-421E-84B3-9B7064C398D5}.Release|Any CPU.ActiveCfg = Release|Any CPU
		{A7A40171-A649-421E-84B3-9B7064C398D5}.Release|Any CPU.Build.0 = Release|Any CPU
		{A7A40171-A649-421E-84B3-9B7064C398D5}.Release|x64.ActiveCfg = Release|Any CPU
		{A7A40171-A649-421E-84B3-9B7064C398D5}.Release|x64.Build.0 = Release|Any CPU
		{A7A40171-A649-421E-84B3-9B7064C398D5}.Release|x86.ActiveCfg = Release|Any CPU
		{A7A40171-A649-421E-84B3-9B7064C398D5}.Release|x86.Build.0 = Release|Any CPU
		{882CAAB1-942B-4CDC-B0C3-894C2EF853D1}.Debug|Any CPU.ActiveCfg = Debug|Any CPU
		{882CAAB1-942B-4CDC-B0C3-894C2EF853D1}.Debug|Any CPU.Build.0 = Debug|Any CPU
		{882CAAB1-942B-4CDC-B0C3-894C2EF853D1}.Debug|x64.ActiveCfg = Debug|Any CPU
		{882CAAB1-942B-4CDC-B0C3-894C2EF853D1}.Debug|x64.Build.0 = Debug|Any CPU
		{882CAAB1-942B-4CDC-B0C3-894C2EF853D1}.Debug|x86.ActiveCfg = Debug|Any CPU
		{882CAAB1-942B-4CDC-B0C3-894C2EF853D1}.Debug|x86.Build.0 = Debug|Any CPU
		{882CAAB1-942B-4CDC-B0C3-894C2EF853D1}.Release|Any CPU.ActiveCfg = Release|Any CPU
		{882CAAB1-942B-4CDC-B0C3-894C2EF853D1}.Release|Any CPU.Build.0 = Release|Any CPU
		{882CAAB1-942B-4CDC-B0C3-894C2EF853D1}.Release|x64.ActiveCfg = Release|Any CPU
		{882CAAB1-942B-4CDC-B0C3-894C2EF853D1}.Release|x64.Build.0 = Release|Any CPU
		{882CAAB1-942B-4CDC-B0C3-894C2EF853D1}.Release|x86.ActiveCfg = Release|Any CPU
		{882CAAB1-942B-4CDC-B0C3-894C2EF853D1}.Release|x86.Build.0 = Release|Any CPU
		{083F7D5A-2DEB-4EAF-8EAF-36E9E19AFCCC}.Debug|Any CPU.ActiveCfg = Debug|Any CPU
		{083F7D5A-2DEB-4EAF-8EAF-36E9E19AFCCC}.Debug|Any CPU.Build.0 = Debug|Any CPU
		{083F7D5A-2DEB-4EAF-8EAF-36E9E19AFCCC}.Debug|x64.ActiveCfg = Debug|Any CPU
		{083F7D5A-2DEB-4EAF-8EAF-36E9E19AFCCC}.Debug|x64.Build.0 = Debug|Any CPU
		{083F7D5A-2DEB-4EAF-8EAF-36E9E19AFCCC}.Debug|x86.ActiveCfg = Debug|Any CPU
		{083F7D5A-2DEB-4EAF-8EAF-36E9E19AFCCC}.Debug|x86.Build.0 = Debug|Any CPU
		{083F7D5A-2DEB-4EAF-8EAF-36E9E19AFCCC}.Release|Any CPU.ActiveCfg = Release|Any CPU
		{083F7D5A-2DEB-4EAF-8EAF-36E9E19AFCCC}.Release|Any CPU.Build.0 = Release|Any CPU
		{083F7D5A-2DEB-4EAF-8EAF-36E9E19AFCCC}.Release|x64.ActiveCfg = Release|Any CPU
		{083F7D5A-2DEB-4EAF-8EAF-36E9E19AFCCC}.Release|x64.Build.0 = Release|Any CPU
		{083F7D5A-2DEB-4EAF-8EAF-36E9E19AFCCC}.Release|x86.ActiveCfg = Release|Any CPU
		{083F7D5A-2DEB-4EAF-8EAF-36E9E19AFCCC}.Release|x86.Build.0 = Release|Any CPU
		{A606EA52-73CB-4E77-A0A2-69D1980876BB}.Debug|Any CPU.ActiveCfg = Debug|Any CPU
		{A606EA52-73CB-4E77-A0A2-69D1980876BB}.Debug|Any CPU.Build.0 = Debug|Any CPU
		{A606EA52-73CB-4E77-A0A2-69D1980876BB}.Debug|x64.ActiveCfg = Debug|Any CPU
		{A606EA52-73CB-4E77-A0A2-69D1980876BB}.Debug|x64.Build.0 = Debug|Any CPU
		{A606EA52-73CB-4E77-A0A2-69D1980876BB}.Debug|x86.ActiveCfg = Debug|Any CPU
		{A606EA52-73CB-4E77-A0A2-69D1980876BB}.Debug|x86.Build.0 = Debug|Any CPU
		{A606EA52-73CB-4E77-A0A2-69D1980876BB}.Release|Any CPU.ActiveCfg = Release|Any CPU
		{A606EA52-73CB-4E77-A0A2-69D1980876BB}.Release|Any CPU.Build.0 = Release|Any CPU
		{A606EA52-73CB-4E77-A0A2-69D1980876BB}.Release|x64.ActiveCfg = Release|Any CPU
		{A606EA52-73CB-4E77-A0A2-69D1980876BB}.Release|x64.Build.0 = Release|Any CPU
		{A606EA52-73CB-4E77-A0A2-69D1980876BB}.Release|x86.ActiveCfg = Release|Any CPU
		{A606EA52-73CB-4E77-A0A2-69D1980876BB}.Release|x86.Build.0 = Release|Any CPU
		{CC15F4E4-4F7E-498B-A41B-BA80E7DAF95D}.Debug|Any CPU.ActiveCfg = Debug|Any CPU
		{CC15F4E4-4F7E-498B-A41B-BA80E7DAF95D}.Debug|Any CPU.Build.0 = Debug|Any CPU
		{CC15F4E4-4F7E-498B-A41B-BA80E7DAF95D}.Debug|x64.ActiveCfg = Debug|Any CPU
		{CC15F4E4-4F7E-498B-A41B-BA80E7DAF95D}.Debug|x64.Build.0 = Debug|Any CPU
		{CC15F4E4-4F7E-498B-A41B-BA80E7DAF95D}.Debug|x86.ActiveCfg = Debug|Any CPU
		{CC15F4E4-4F7E-498B-A41B-BA80E7DAF95D}.Debug|x86.Build.0 = Debug|Any CPU
		{CC15F4E4-4F7E-498B-A41B-BA80E7DAF95D}.Release|Any CPU.ActiveCfg = Release|Any CPU
		{CC15F4E4-4F7E-498B-A41B-BA80E7DAF95D}.Release|Any CPU.Build.0 = Release|Any CPU
		{CC15F4E4-4F7E-498B-A41B-BA80E7DAF95D}.Release|x64.ActiveCfg = Release|Any CPU
		{CC15F4E4-4F7E-498B-A41B-BA80E7DAF95D}.Release|x64.Build.0 = Release|Any CPU
		{CC15F4E4-4F7E-498B-A41B-BA80E7DAF95D}.Release|x86.ActiveCfg = Release|Any CPU
		{CC15F4E4-4F7E-498B-A41B-BA80E7DAF95D}.Release|x86.Build.0 = Release|Any CPU
	EndGlobalSection
EndGlobal
